
Microsoft Visual Studio Solution File, Format Version 12.00
# Visual Studio Version 17
VisualStudioVersion = 17.9.34728.123
MinimumVisualStudioVersion = 10.0.40219.1
Project("{9A19103F-16F7-4668-BE54-9A1E7A4F7556}") = "ShipAPI", "ShipAPI.csproj", "{CD6AFBA8-50D4-4FA2-8736-F14E4C3874C0}"
EndProject
Project("{FAE04EC0-301F-11D3-BF4B-00C04F79EFBC}") = "BusinessLayer", "..\BusinessLayer\BusinessLayer.csproj", "{8CB391A8-4000-462F-9796-CAFBBC8FD978}"
EndProject
Project("{FAE04EC0-301F-11D3-BF4B-00C04F79EFBC}") = "Repository", "..\Repository\Repository.csproj", "{C2E38306-0561-47EC-9133-58DB6B54871B}"
EndProject
Project("{FAE04EC0-301F-11D3-BF4B-00C04F79EFBC}") = "DataLayer", "..\DataLayer\DataLayer.csproj", "{CEEB0C0A-A70B-46D2-8722-F62E5EF76509}"
EndProject
Project("{FAE04EC0-301F-11D3-BF4B-00C04F79EFBC}") = "DTOs", "..\DTOs\DTOs.csproj", "{38F9BB6A-A3BE-4F4A-AC59-A61CC099C8D5}"
EndProject
Global
	GlobalSection(SolutionConfigurationPlatforms) = preSolution
		Debug|Any CPU = Debug|Any CPU
		Release|Any CPU = Release|Any CPU
	EndGlobalSection
	GlobalSection(ProjectConfigurationPlatforms) = postSolution
		{CD6AFBA8-50D4-4FA2-8736-F14E4C3874C0}.Debug|Any CPU.ActiveCfg = Debug|Any CPU
		{CD6AFBA8-50D4-4FA2-8736-F14E4C3874C0}.Debug|Any CPU.Build.0 = Debug|Any CPU
		{CD6AFBA8-50D4-4FA2-8736-F14E4C3874C0}.Release|Any CPU.ActiveCfg = Release|Any CPU
		{CD6AFBA8-50D4-4FA2-8736-F14E4C3874C0}.Release|Any CPU.Build.0 = Release|Any CPU
		{8CB391A8-4000-462F-9796-CAFBBC8FD978}.Debug|Any CPU.ActiveCfg = Debug|Any CPU
		{8CB391A8-4000-462F-9796-CAFBBC8FD978}.Debug|Any CPU.Build.0 = Debug|Any CPU
		{8CB391A8-4000-462F-9796-CAFBBC8FD978}.Release|Any CPU.ActiveCfg = Release|Any CPU
		{8CB391A8-4000-462F-9796-CAFBBC8FD978}.Release|Any CPU.Build.0 = Release|Any CPU
		{C2E38306-0561-47EC-9133-58DB6B54871B}.Debug|Any CPU.ActiveCfg = Debug|Any CPU
		{C2E38306-0561-47EC-9133-58DB6B54871B}.Debug|Any CPU.Build.0 = Debug|Any CPU
		{C2E38306-0561-47EC-9133-58DB6B54871B}.Release|Any CPU.ActiveCfg = Release|Any CPU
		{C2E38306-0561-47EC-9133-58DB6B54871B}.Release|Any CPU.Build.0 = Release|Any CPU
		{CEEB0C0A-A70B-46D2-8722-F62E5EF76509}.Debug|Any CPU.ActiveCfg = Debug|Any CPU
		{CEEB0C0A-A70B-46D2-8722-F62E5EF76509}.Debug|Any CPU.Build.0 = Debug|Any CPU
		{CEEB0C0A-A70B-46D2-8722-F62E5EF76509}.Release|Any CPU.ActiveCfg = Release|Any CPU
		{CEEB0C0A-A70B-46D2-8722-F62E5EF76509}.Release|Any CPU.Build.0 = Release|Any CPU
		{38F9BB6A-A3BE-4F4A-AC59-A61CC099C8D5}.Debug|Any CPU.ActiveCfg = Debug|Any CPU
		{38F9BB6A-A3BE-4F4A-AC59-A61CC099C8D5}.Debug|Any CPU.Build.0 = Debug|Any CPU
		{38F9BB6A-A3BE-4F4A-AC59-A61CC099C8D5}.Release|Any CPU.ActiveCfg = Release|Any CPU
		{38F9BB6A-A3BE-4F4A-AC59-A61CC099C8D5}.Release|Any CPU.Build.0 = Release|Any CPU
	EndGlobalSection
	GlobalSection(SolutionProperties) = preSolution
		HideSolutionNode = FALSE
	EndGlobalSection
	GlobalSection(ExtensibilityGlobals) = postSolution
		SolutionGuid = {FFC9C5E2-7496-43FC-97A3-9935ECF42C8F}
	EndGlobalSection
EndGlobal
